
Microsoft Visual Studio Solution File, Format Version 12.00
# Visual Studio 15
VisualStudioVersion = 15.0.28010.2048
MinimumVisualStudioVersion = 10.0.40219.1
Project("{FAE04EC0-301F-11D3-BF4B-00C04F79EFBC}") = "ScreenshotSaver", "ScreenShotSaver\ScreenshotSaver.csproj", "{51CA073D-0DD5-4293-8807-393B14AA7BCC}"
EndProject
Global
	GlobalSection(SolutionConfigurationPlatforms) = preSolution
		Debug|Any CPU = Debug|Any CPU
		Debug|x64 = Debug|x64
		Release|Any CPU = Release|Any CPU
		Release|x64 = Release|x64
	EndGlobalSection
	GlobalSection(ProjectConfigurationPlatforms) = postSolution
		{51CA073D-0DD5-4293-8807-393B14AA7BCC}.Debug|Any CPU.ActiveCfg = Debug|x64
		{51CA073D-0DD5-4293-8807-393B14AA7BCC}.Debug|x64.ActiveCfg = Debug|x64
		{51CA073D-0DD5-4293-8807-393B14AA7BCC}.Debug|x64.Build.0 = Debug|x64
		{51CA073D-0DD5-4293-8807-393B14AA7BCC}.Release|Any CPU.ActiveCfg = Release|x64
		{51CA073D-0DD5-4293-8807-393B14AA7BCC}.Release|x64.ActiveCfg = Release|x64
		{51CA073D-0DD5-4293-8807-393B14AA7BCC}.Release|x64.Build.0 = Release|x64
	EndGlobalSection
	GlobalSection(SolutionProperties) = preSolution
		HideSolutionNode = FALSE
	EndGlobalSection
	GlobalSection(ExtensibilityGlobals) = postSolution
		SolutionGuid = {DDA9689A-2D0A-420D-8B90-758836E0D1F7}
	EndGlobalSection
EndGlobal
